
Microsoft Visual Studio Solution File, Format Version 12.00
# Visual Studio Version 17
VisualStudioVersion = 17.6.33723.286
MinimumVisualStudioVersion = 10.0.40219.1
Project("{9A19103F-16F7-4668-BE54-9A1E7A4F7556}") = "01_SerializeDeserialize", "01_SerializeDeserialize\01_SerializeDeserialize.csproj", "{DBCCE282-932B-4F03-8AFB-2F4FCD88A847}"
EndProject
Project("{FAE04EC0-301F-11D3-BF4B-00C04F79EFBC}") = "02_JsonDates", "02_JsonDates\02_JsonDates.csproj", "{1D176B74-33BA-4F0C-9BE6-891A39FE6906}"
EndProject
Global
	GlobalSection(SolutionConfigurationPlatforms) = preSolution
		Debug|Any CPU = Debug|Any CPU
		Release|Any CPU = Release|Any CPU
	EndGlobalSection
	GlobalSection(ProjectConfigurationPlatforms) = postSolution
		{DBCCE282-932B-4F03-8AFB-2F4FCD88A847}.Debug|Any CPU.ActiveCfg = Debug|Any CPU
		{DBCCE282-932B-4F03-8AFB-2F4FCD88A847}.Debug|Any CPU.Build.0 = Debug|Any CPU
		{DBCCE282-932B-4F03-8AFB-2F4FCD88A847}.Release|Any CPU.ActiveCfg = Release|Any CPU
		{DBCCE282-932B-4F03-8AFB-2F4FCD88A847}.Release|Any CPU.Build.0 = Release|Any CPU
		{1D176B74-33BA-4F0C-9BE6-891A39FE6906}.Debug|Any CPU.ActiveCfg = Debug|Any CPU
		{1D176B74-33BA-4F0C-9BE6-891A39FE6906}.Debug|Any CPU.Build.0 = Debug|Any CPU
		{1D176B74-33BA-4F0C-9BE6-891A39FE6906}.Release|Any CPU.ActiveCfg = Release|Any CPU
		{1D176B74-33BA-4F0C-9BE6-891A39FE6906}.Release|Any CPU.Build.0 = Release|Any CPU
	EndGlobalSection
	GlobalSection(SolutionProperties) = preSolution
		HideSolutionNode = FALSE
	EndGlobalSection
	GlobalSection(ExtensibilityGlobals) = postSolution
		SolutionGuid = {049D3F45-651A-4382-B1BC-ECA9EDB4DC2F}
	EndGlobalSection
EndGlobal
